{
  "name": "puregui",
  "version": "1.0.0",
  "lockfileVersion": 2,
  "requires": true,
  "packages": {
    "": {
      "license": "ISC",
      "dependencies": {
        "bilzaa2d": "^0.3.0"
      },
      "devDependencies": {
        "typescript": "^4.6.2"
      }
    },
    "node_modules/bilzaa2d": {
      "version": "0.3.0",
      "resolved": "https://registry.npmjs.org/bilzaa2d/-/bilzaa2d-0.3.0.tgz",
      "integrity": "sha512-6FxIo4+oThAmAvNlwo2tvRhvBMez/AaMrMTNzVS3h7wowDGNMR/Td2fFLIRhpf2g7ux1Taoy+KPPQe2GQydubg=="
    },
    "node_modules/typescript": {
      "version": "4.6.2",
      "resolved": "https://registry.npmjs.org/typescript/-/typescript-4.6.2.tgz",
      "integrity": "sha512-HM/hFigTBHZhLXshn9sN37H085+hQGeJHJ/X7LpBWLID/fbc2acUMfU+lGD98X81sKP+pFa9f0DZmCwB9GnbAg==",
      "dev": true,
      "bin": {
        "tsc": "bin/tsc",
        "tsserver": "bin/tsserver"
      },
      "engines": {
        "node": ">=4.2.0"
      }
    }
  },
  "dependencies": {
    "bilzaa2d": {
      "version": "0.3.0",
      "resolved": "https://registry.npmjs.org/bilzaa2d/-/bilzaa2d-0.3.0.tgz",
      "integrity": "sha512-6FxIo4+oThAmAvNlwo2tvRhvBMez/AaMrMTNzVS3h7wowDGNMR/Td2fFLIRhpf2g7ux1Taoy+KPPQe2GQydubg=="
    },
    "typescript": {
      "version": "4.6.2",
      "resolved": "https://registry.npmjs.org/typescript/-/typescript-4.6.2.tgz",
      "integrity": "sha512-HM/hFigTBHZhLXshn9sN37H085+hQGeJHJ/X7LpBWLID/fbc2acUMfU+lGD98X81sKP+pFa9f0DZmCwB9GnbAg==",
      "dev": true
    }
  }
}
